
Microsoft Visual Studio Solution File, Format Version 12.00
Project("{FAE04EC0-301F-11D3-BF4B-00C04F79EFBC}") = "MauiApp1", "MauiApp1\MauiApp1.csproj", "{AC739FAA-7E10-4B61-B71B-4F5771D5E529}"
EndProject
Global
	GlobalSection(SolutionConfigurationPlatforms) = preSolution
		Debug|Any CPU = Debug|Any CPU
		Release|Any CPU = Release|Any CPU
	EndGlobalSection
	GlobalSection(ProjectConfigurationPlatforms) = postSolution
		{AC739FAA-7E10-4B61-B71B-4F5771D5E529}.Debug|Any CPU.ActiveCfg = Debug|Any CPU
		{AC739FAA-7E10-4B61-B71B-4F5771D5E529}.Debug|Any CPU.Build.0 = Debug|Any CPU
		{AC739FAA-7E10-4B61-B71B-4F5771D5E529}.Release|Any CPU.ActiveCfg = Release|Any CPU
		{AC739FAA-7E10-4B61-B71B-4F5771D5E529}.Release|Any CPU.Build.0 = Release|Any CPU
	EndGlobalSection
EndGlobal
